
Microsoft Visual Studio Solution File, Format Version 11.00
# Visual Studio 2010
Project("{8BC9CEB8-8B4A-11D0-8D11-00A0C91BC942}") = "visca_cli", "visca_cli.vcxproj", "{4CD46905-117E-43F5-B52E-EFD3E914A380}"
EndProject
Global
	GlobalSection(SolutionConfigurationPlatforms) = preSolution
		Debug|Win32 = Debug|Win32
		Release|Win32 = Release|Win32
	EndGlobalSection
	GlobalSection(ProjectConfigurationPlatforms) = postSolution
		{4CD46905-117E-43F5-B52E-EFD3E914A380}.Debug|Win32.ActiveCfg = Debug|Win32
		{4CD46905-117E-43F5-B52E-EFD3E914A380}.Debug|Win32.Build.0 = Debug|Win32
		{4CD46905-117E-43F5-B52E-EFD3E914A380}.Release|Win32.ActiveCfg = Release|Win32
		{4CD46905-117E-43F5-B52E-EFD3E914A380}.Release|Win32.Build.0 = Release|Win32
	EndGlobalSection
	GlobalSection(SolutionProperties) = preSolution
		HideSolutionNode = FALSE
	EndGlobalSection
EndGlobal
